{
  "version": 4,
  "terraform_version": "0.13.3",
  "serial": 66,
  "lineage": "41a89096-aab6-0032-71f8-2bc53e02bda4",
  "outputs": {},
  "resources": [
    {
      "mode": "managed",
      "type": "helm_release",
      "name": "kuberhealthy",
      "provider": "provider[\"registry.terraform.io/hashicorp/helm\"]",
      "instances": [
        {
          "schema_version": 0,
          "attributes": {
            "atomic": false,
            "chart": "kuberhealthy",
            "cleanup_on_fail": false,
            "create_namespace": false,
            "dependency_update": false,
            "description": null,
            "devel": null,
            "disable_crd_hooks": false,
            "disable_openapi_validation": false,
            "disable_webhooks": false,
            "force_update": false,
            "id": "kuberhealthy",
            "keyring": null,
            "lint": false,
            "max_history": 0,
            "metadata": [
              {
                "app_version": "2.2.0",
                "chart": "kuberhealthy",
                "name": "kuberhealthy",
                "namespace": "kuberhealthy",
                "revision": 1,
                "values": "{\"check\":{\"daemonset\":{\"enabled\":false},\"deployment\":{\"enabled\":false},\"dnsInternal\":{\"enabled\":false}},\"checkReaper\":{\"image\":{\"tag\":\"v1.4.0\"}},\"prometheus\":{\"enableAlerting\":true,\"enableScraping\":true,\"enabled\":true,\"name\":\"prometheus\",\"release\":\"prometheus-operator\",\"serviceMonitor\":true},\"resources\":{\"limits\":{\"cpu\":\"400m\",\"memory\":\"500Mi\"},\"requests\":{\"cpu\":\"400m\",\"memory\":\"300Mi\"}}}",
                "version": "2.2.0"
              }
            ],
            "name": "kuberhealthy",
            "namespace": "kuberhealthy",
            "postrender": [],
            "recreate_pods": false,
            "render_subchart_notes": true,
            "replace": false,
            "repository": "https://comcast.github.io/kuberhealthy/helm-repos",
            "repository_ca_file": null,
            "repository_cert_file": null,
            "repository_key_file": null,
            "repository_password": null,
            "repository_username": null,
            "reset_values": false,
            "reuse_values": false,
            "set": [
              {
                "name": "checkReaper.image.tag",
                "type": "",
                "value": "v1.4.0"
              }
            ],
            "set_sensitive": [],
            "skip_crds": false,
            "status": "deployed",
            "timeout": 300,
            "values": [
              "prometheus:\r\n  enabled: true\r\n  name: \"prometheus\"\r\n  release: prometheus-operator\r\n  enableScraping: true\r\n  serviceMonitor: true\r\n  enableAlerting: true\r\n\r\nresources:\r\n  requests:\r\n    cpu: 400m\r\n    memory: 300Mi\r\n  limits:\r\n    cpu: 400m\r\n    memory: 500Mi\r\n\r\ncheck:\r\n  daemonset:\r\n    enabled: false\r\n  deployment:\r\n    enabled: false\r\n  dnsInternal:\r\n    enabled: false"
            ],
            "verify": false,
            "version": "2.2.0",
            "wait": false
          },
          "private": "bnVsbA=="
        }
      ]
    },
    {
      "mode": "managed",
      "type": "helm_release",
      "name": "nginx_ingress",
      "provider": "provider[\"registry.terraform.io/hashicorp/helm\"]",
      "instances": [
        {
          "schema_version": 0,
          "attributes": {
            "atomic": false,
            "chart": "nginx",
            "cleanup_on_fail": false,
            "create_namespace": false,
            "dependency_update": false,
            "description": null,
            "devel": null,
            "disable_crd_hooks": false,
            "disable_openapi_validation": false,
            "disable_webhooks": false,
            "force_update": false,
            "id": "bitnaminginx2",
            "keyring": null,
            "lint": false,
            "max_history": 0,
            "metadata": [
              {
                "app_version": "1.19.6",
                "chart": "nginx",
                "name": "bitnaminginx2",
                "namespace": "default",
                "revision": 1,
                "values": "null",
                "version": "8.3.0"
              }
            ],
            "name": "bitnaminginx2",
            "namespace": "default",
            "postrender": [],
            "recreate_pods": false,
            "render_subchart_notes": true,
            "replace": false,
            "repository": "https://charts.bitnami.com/bitnami",
            "repository_ca_file": null,
            "repository_cert_file": null,
            "repository_key_file": null,
            "repository_password": null,
            "repository_username": null,
            "reset_values": false,
            "reuse_values": false,
            "set": [],
            "set_sensitive": [],
            "skip_crds": false,
            "status": "deployed",
            "timeout": 900,
            "values": null,
            "verify": false,
            "version": "8.3.0",
            "wait": false
          },
          "private": "bnVsbA=="
        }
      ]
    },
    {
      "mode": "managed",
      "type": "helm_release",
      "name": "prometheus-pushgateway",
      "provider": "provider[\"registry.terraform.io/hashicorp/helm\"]",
      "instances": [
        {
          "schema_version": 0,
          "attributes": {
            "atomic": false,
            "chart": "prometheus-pushgateway",
            "cleanup_on_fail": false,
            "create_namespace": false,
            "dependency_update": false,
            "description": null,
            "devel": null,
            "disable_crd_hooks": false,
            "disable_openapi_validation": false,
            "disable_webhooks": false,
            "force_update": false,
            "id": "pushgateway",
            "keyring": null,
            "lint": false,
            "max_history": 0,
            "metadata": [
              {
                "app_version": "1.3.0",
                "chart": "prometheus-pushgateway",
                "name": "pushgateway",
                "namespace": "push3",
                "revision": 4,
                "values": "{\"extraArgs\":[\"--persistence.file=/data/pushgateway.data\",\"--persistence.interval=5m\"],\"nodeSelector\":{},\"persistentVolume\":{\"accessModes\":[\"ReadWriteOnce\"],\"enabled\":true,\"existingClaim\":\"\",\"mountPath\":\"/data\",\"size\":\"2Gi\"},\"replicaCount\":2,\"resources\":{\"limits\":{\"cpu\":\"150m\",\"memory\":\"50Mi\"},\"requests\":{\"cpu\":\"90m\",\"memory\":\"30Mi\"}},\"serviceMonitor\":{\"enabled\":true,\"namespace\":\"push3\"}}",
                "version": "1.5.1"
              }
            ],
            "name": "pushgateway",
            "namespace": "push3",
            "postrender": [],
            "recreate_pods": true,
            "render_subchart_notes": true,
            "replace": false,
            "repository": "./helm/charts/",
            "repository_ca_file": null,
            "repository_cert_file": null,
            "repository_key_file": null,
            "repository_password": null,
            "repository_username": null,
            "reset_values": false,
            "reuse_values": false,
            "set": [],
            "set_sensitive": [],
            "skip_crds": false,
            "status": "deployed",
            "timeout": 300,
            "values": [
              "\nextraArgs:\n  - --persistence.file=/data/pushgateway.data\n  - --persistence.interval=5m\n\n\nresources:\n  limits:\n    cpu: 150m\n    memory: 50Mi\n  requests:\n    cpu: 90m\n    memory: 30Mi\n\n\nnodeSelector: {}\n\nreplicaCount: 2\n\nserviceMonitor:\n  enabled: true\n  namespace: push3\n\n\npersistentVolume:\n  enabled: true\n  accessModes:\n    - ReadWriteOnce\n  existingClaim: \"\"\n  mountPath: /data\n  size: 2Gi\n"
            ],
            "verify": false,
            "version": "1.5.1",
            "wait": false
          },
          "private": "bnVsbA=="
        }
      ]
    }
  ]
}
